
Microsoft Visual Studio Solution File, Format Version 12.00
# Visual Studio 15
VisualStudioVersion = 15.0.28307.421
MinimumVisualStudioVersion = 10.0.40219.1
Project("{FAE04EC0-301F-11D3-BF4B-00C04F79EFBC}") = "WebApplication2", "WebApplication2\WebApplication2.csproj", "{B1110ABE-8253-4457-8B2A-50DD6FF60C72}"
EndProject
Global
	GlobalSection(SolutionConfigurationPlatforms) = preSolution
		Debug|Any CPU = Debug|Any CPU
		Release|Any CPU = Release|Any CPU
	EndGlobalSection
	GlobalSection(ProjectConfigurationPlatforms) = postSolution
		{B1110ABE-8253-4457-8B2A-50DD6FF60C72}.Debug|Any CPU.ActiveCfg = Debug|Any CPU
		{B1110ABE-8253-4457-8B2A-50DD6FF60C72}.Debug|Any CPU.Build.0 = Debug|Any CPU
		{B1110ABE-8253-4457-8B2A-50DD6FF60C72}.Release|Any CPU.ActiveCfg = Release|Any CPU
		{B1110ABE-8253-4457-8B2A-50DD6FF60C72}.Release|Any CPU.Build.0 = Release|Any CPU
	EndGlobalSection
	GlobalSection(SolutionProperties) = preSolution
		HideSolutionNode = FALSE
	EndGlobalSection
	GlobalSection(ExtensibilityGlobals) = postSolution
		SolutionGuid = {541DEA70-D696-48CB-89C1-F7383AD5E886}
	EndGlobalSection
EndGlobal
